
Microsoft Visual Studio Solution File, Format Version 12.00
# Visual Studio Version 17
VisualStudioVersion = 17.9.34622.214
MinimumVisualStudioVersion = 10.0.40219.1
Project("{FAE04EC0-301F-11D3-BF4B-00C04F79EFBC}") = "favouriteChanel", "favouriteChanel.csproj", "{EE7FFEA2-BB55-4A6B-9B97-5EC83BC8920B}"
EndProject
Global
	GlobalSection(SolutionConfigurationPlatforms) = preSolution
		Debug|Any CPU = Debug|Any CPU
		Release|Any CPU = Release|Any CPU
	EndGlobalSection
	GlobalSection(ProjectConfigurationPlatforms) = postSolution
		{EE7FFEA2-BB55-4A6B-9B97-5EC83BC8920B}.Debug|Any CPU.ActiveCfg = Debug|Any CPU
		{EE7FFEA2-BB55-4A6B-9B97-5EC83BC8920B}.Debug|Any CPU.Build.0 = Debug|Any CPU
		{EE7FFEA2-BB55-4A6B-9B97-5EC83BC8920B}.Release|Any CPU.ActiveCfg = Release|Any CPU
		{EE7FFEA2-BB55-4A6B-9B97-5EC83BC8920B}.Release|Any CPU.Build.0 = Release|Any CPU
	EndGlobalSection
	GlobalSection(SolutionProperties) = preSolution
		HideSolutionNode = FALSE
	EndGlobalSection
	GlobalSection(ExtensibilityGlobals) = postSolution
		SolutionGuid = {F37B31A2-A844-4668-8E88-497AC5780CE8}
	EndGlobalSection
EndGlobal
